
Microsoft Visual Studio Solution File, Format Version 12.00
# Visual Studio Version 17
VisualStudioVersion = 17.7.34221.43
MinimumVisualStudioVersion = 10.0.40219.1
Project("{FAE04EC0-301F-11D3-BF4B-00C04F79EFBC}") = "Switch", "Switch\Switch.csproj", "{A5CFC8B6-45D9-47DA-A998-6C8870621BE5}"
EndProject
Global
	GlobalSection(SolutionConfigurationPlatforms) = preSolution
		Debug|Any CPU = Debug|Any CPU
		Release|Any CPU = Release|Any CPU
	EndGlobalSection
	GlobalSection(ProjectConfigurationPlatforms) = postSolution
		{A5CFC8B6-45D9-47DA-A998-6C8870621BE5}.Debug|Any CPU.ActiveCfg = Debug|Any CPU
		{A5CFC8B6-45D9-47DA-A998-6C8870621BE5}.Debug|Any CPU.Build.0 = Debug|Any CPU
		{A5CFC8B6-45D9-47DA-A998-6C8870621BE5}.Release|Any CPU.ActiveCfg = Release|Any CPU
		{A5CFC8B6-45D9-47DA-A998-6C8870621BE5}.Release|Any CPU.Build.0 = Release|Any CPU
	EndGlobalSection
	GlobalSection(SolutionProperties) = preSolution
		HideSolutionNode = FALSE
	EndGlobalSection
	GlobalSection(ExtensibilityGlobals) = postSolution
		SolutionGuid = {57F9D9CF-0FB0-4B38-BB1D-4F98833C601D}
	EndGlobalSection
EndGlobal
