
Microsoft Visual Studio Solution File, Format Version 12.00
# Visual Studio Version 17
VisualStudioVersion = 17.7.34221.43
MinimumVisualStudioVersion = 10.0.40219.1
Project("{FAE04EC0-301F-11D3-BF4B-00C04F79EFBC}") = "Ifelselesson", "Ifelselesson\Ifelselesson.csproj", "{D04B78A4-E5D0-4A70-9F25-34CB0CD2627E}"
EndProject
Global
	GlobalSection(SolutionConfigurationPlatforms) = preSolution
		Debug|Any CPU = Debug|Any CPU
		Release|Any CPU = Release|Any CPU
	EndGlobalSection
	GlobalSection(ProjectConfigurationPlatforms) = postSolution
		{D04B78A4-E5D0-4A70-9F25-34CB0CD2627E}.Debug|Any CPU.ActiveCfg = Debug|Any CPU
		{D04B78A4-E5D0-4A70-9F25-34CB0CD2627E}.Debug|Any CPU.Build.0 = Debug|Any CPU
		{D04B78A4-E5D0-4A70-9F25-34CB0CD2627E}.Release|Any CPU.ActiveCfg = Release|Any CPU
		{D04B78A4-E5D0-4A70-9F25-34CB0CD2627E}.Release|Any CPU.Build.0 = Release|Any CPU
	EndGlobalSection
	GlobalSection(SolutionProperties) = preSolution
		HideSolutionNode = FALSE
	EndGlobalSection
	GlobalSection(ExtensibilityGlobals) = postSolution
		SolutionGuid = {226D55FF-B002-4493-8185-945ABBF7D431}
	EndGlobalSection
EndGlobal
